{
  "name": "landing-page-app",
  "version": "0.1.0",
  "lockfileVersion": 3,
  "requires": true,
  "packages": {
    "": {
      "name": "landing-page-app",
      "version": "0.1.0",
      "dependencies": {
        "next": "^14.0.4",
        "react": "^18.2.0",
        "react-dom": "^18.2.0",
        "tailwindcss": "^3.3.5",
        "typeorm": "^0.3.20",
        "sqlite3": "^5.1.6",
        "reflect-metadata": "^0.2.1"
      },
      "devDependencies": {
        "@types/node": "^20.10.5",
        "@types/react": "^18.2.45",
        "@types/react-dom": "^18.2.18",
        "autoprefixer": "^10.4.16",
        "postcss": "^8.4.32",
        "typescript": "^5.3.3"
      }
    },
    "node_modules/@next/env": {
      "version": "14.0.4",
      "resolved": "https://registry.npmjs.org/@next/env/-/env-14.0.4.tgz",
      "integrity": "sha512-odHvIUpKmBpArxpj6mDx4vul5P5nQoFbveC+CQecsnXw0U+O6ENgCJ2c6XcuhYI5gnZq70+5e7EoXxWOMcI41Q=="
    },
    "node_modules/@types/node": {
      "version": "20.10.5",
      "resolved": "https://registry.npmjs.org/@types/node/-/node-20.10.5.tgz",
      "integrity": "sha512-nNPsNE65wjMxEKI93yOP+NPGGBJzP9rQo0o2i5PYvORg+7tLQxhyPpaSgC0P2Eky9lKz6V4nUuRlPcA72u7p2A==",
      "dev": true,
      "dependencies": {
        "undici-types": "~5.26.4"
      }
    },
    "node_modules/@types/react": {
      "version": "18.2.45",
      "resolved": "https://registry.npmjs.org/@types/react/-/react-18.2.45.tgz",
      "integrity": "sha512-vYBHjKXptQHzjmhVGmZF53JHd8NZdM4idgOm5zPV94AQBnYYjZQrw7A0Jg8OqFclXI5Zq8DQ0aL3W7xVzYb9rg==",
      "dev": true,
      "dependencies": {
        "@types/prop-types": "*",
        "@types/scheduler": "*",
        "csstype": "^3.0.2"
      }
    },
    "node_modules/@types/react-dom": {
      "version": "18.2.18",
      "resolved": "https://registry.npmjs.org/@types/react-dom/-/react-dom-18.2.18.tgz",
      "integrity": "sha512-VwF/8BZyGgG0QvHxZ9CM9iJQ8rOkjN0XcPD5M6/zP5KvWxqCq5cH/fP5LqE7tVePpa7oU/1p3Ne8H1fN0bWUaw==",
      "dev": true,
      "dependencies": {
        "@types/react": "*"
      }
    },
    "node_modules/autoprefixer": {
      "version": "10.4.16",
      "resolved": "https://registry.npmjs.org/autoprefixer/-/autoprefixer-10.4.16.tgz",
      "integrity": "sha512-7L2N4l16YrZjHnT9mB9J6QnKjQk0GzRITwFATtK/7mVhF5JEpQjTtfmzZekjjoTWMNY8JmoEDpSlK/WH4Qj15A==",
      "dev": true,
      "funding": [
        {
          "type": "opencollective",
          "url": "https://opencollective.com/postcss"
        },
        {
          "type": "tidelift",
          "url": "https://tidelift.com/funding/github/npm/autoprefixer"
        }
      ],
      "peerDependencies": {
        "postcss": "^8.1.0"
      }
    },
    "node_modules/caniuse-lite": {
      "version": "1.0.30001590",
      "resolved": "https://registry.npmjs.org/caniuse-lite/-/caniuse-lite-1.0.30001590.tgz",
      "integrity": "sha512-6dl32kCkj3hHjfv88Htk4Hf1oIFf2Rvb0V6T2LbXagFF0r9Amo0n/xFbN7nLzM9AkoESoK9xblR5srJfIQx09Q==",
      "dev": true,
      "funding": [
        {
          "type": "opencollective",
          "url": "https://opencollective.com/browserslist"
        },
        {
          "type": "tidelift",
          "url": "https://tidelift.com/funding/github/npm/caniuse-lite"
        }
      ]
    },
    "node_modules/next": {
      "version": "14.0.4",
      "resolved": "https://registry.npmjs.org/next/-/next-14.0.4.tgz",
      "integrity": "sha512-6hJIi/OCt96Z7nzIqM8uPk9/EEdkRVtT1gnQm7lS4QCGJhLcK2g6/0sEXi7Cx/skCBV62/9pGxA1VKInw9D1bw==",
      "dependencies": {
        "@next/env": "14.0.4",
        "postcss": "^8.4.25",
        "react": "18.2.0",
        "react-dom": "18.2.0",
        "typescript": "5.2.2"
      },
      "bin": {
        "next": "dist/bin/next"
      },
      "engines": {
        "node": ">=18.17.0"
      },
      "optionalDependencies": {
        "@next/swc-darwin-arm64": "14.0.4",
        "@next/swc-darwin-x64": "14.0.4",
        "@next/swc-linux-arm64-gnu": "14.0.4",
        "@next/swc-linux-arm64-musl": "14.0.4",
        "@next/swc-linux-x64-gnu": "14.0.4",
        "@next/swc-linux-x64-musl": "14.0.4",
        "@next/swc-win32-arm64-msvc": "14.0.4",
        "@next/swc-win32-ia32-msvc": "14.0.4",
        "@next/swc-win32-x64-msvc": "14.0.4"
      }
    },
    "node_modules/next/node_modules/typescript": {
      "version": "5.2.2",
      "resolved": "https://registry.npmjs.org/typescript/-/typescript-5.2.2.tgz",
      "integrity": "sha512-mI4WrpHsbCIcwT9cF4FZvr80QUeKvsUsUvKDoR+X/7XHQH98xYD8YHZg7ANtz2GtZt/CBq2QJ0thkGJMHfqc1w==",
      "bin": {
        "tsc": "bin/tsc",
        "tsserver": "bin/tsserver"
      },
      "engines": {
        "node": ">=14.17"
      }
    },
    "node_modules/postcss": {
      "version": "8.4.32",
      "resolved": "https://registry.npmjs.org/postcss/-/postcss-8.4.32.tgz",
      "integrity": "sha512-7yRnyLhqLeBVW3bYw8GdODJAhk8KI0kZ1BQ9dS/xfXh9Oqkqkti+/lK+8uzlT+5cZ5CmR+ywCxqlQyqTq0tWA==",
      "dev": true,
      "funding": [
        {
          "type": "opencollective",
          "url": "https://opencollective.com/postcss"
        },
        {
          "type": "tidelift",
          "url": "https://tidelift.com/funding/github/npm/postcss"
        }
      ],
      "dependencies": {
        "nanoid": "^3.3.6",
        "picocolors": "^1.0.0",
        "source-map-js": "^1.0.2"
      },
      "engines": {
        "node": "^10 || ^12 || >=14"
      }
    },
    "node_modules/react": {
      "version": "18.2.0",
      "resolved": "https://registry.npmjs.org/react/-/react-18.2.0.tgz",
      "integrity": "sha512-/3IjMdb2L9QbBdWiW5e3P2/npwMBaU9mHCSCUzNln0ZCYbcfTsGbTJrU/kGemdH2IWmB2ioZ+zkxtmq6g09fGQ==",
      "dependencies": {
        "loose-envify": "^1.1.0"
      },
      "engines": {
        "node": ">=0.10.0"
      }
    },
    "node_modules/react-dom": {
      "version": "18.2.0",
      "resolved": "https://registry.npmjs.org/react-dom/-/react-dom-18.2.0.tgz",
      "integrity": "sha512-6IMTriUmvsjHUjNtEDudZfuDQUoWXVxKHhlEGSk81n4YFS+r/Kl99wXiwlVXtPBtJenozv2P+hxDsw9eA7Xo6g==",
      "dependencies": {
        "loose-envify": "^1.1.0",
        "scheduler": "^0.23.0"
      },
      "peerDependencies": {
        "react": "^18.2.0"
      }
    },
    "node_modules/reflect-metadata": {
      "version": "0.2.1",
      "resolved": "https://registry.npmjs.org/reflect-metadata/-/reflect-metadata-0.2.1.tgz",
      "integrity": "sha512-6Qf4S/zQHT0hNOEKsH8I9XlBdTqAXc7nn4WXkIRIMgeURX2f9g/tzV6Q6tETE9mB/PR4c4O9tVnK8ZzqK8e9yg=="
    },
    "node_modules/sqlite3": {
      "version": "5.1.6",
      "resolved": "https://registry.npmjs.org/sqlite3/-/sqlite3-5.1.6.tgz",
      "integrity": "sha512-x6MbHpYp6IzpdWpS6lVpN7MvsB0bP7kIvqKzLkPqWqHAAAAAAAAAAEAytLrREN8ntHDm5gZ/AGpNEm1cNxOjFjQ==",
      "hasInstallScript": true,
      "dependencies": {
        "node-addon-api": "^7.0.0",
        "node-gyp": "^9.0.0",
        "tar": "^6.1.12"
      },
      "engines": {
        "node": ">=12.0.0"
      }
    },
    "node_modules/tailwindcss": {
      "version": "3.3.5",
      "resolved": "https://registry.npmjs.org/tailwindcss/-/tailwindcss-3.3.5.tgz",
      "integrity": "sha512-y4Sq8cK4Ke3d5dKdItj1R3GqCfhE6aBX2c7O6SH0tmo8QjvCDpZP74qMxSPAAAAAAAAAAAAAAAAAAAAAAAAAAAA==",
      "dependencies": {
        "@tailwindcss/oxide": "^0.7.2",
        "autoprefixer": "^10.4.16"
      },
      "bin": {
        "tailwind": "lib/cli.js"
      },
      "engines": {
        "node": ">=14.0.0"
      }
    },
    "node_modules/typeorm": {
      "version": "0.3.20",
      "resolved": "https://registry.npmjs.org/typeorm/-/typeorm-0.3.20.tgz",
      "integrity": "sha512-r87KkX8iXg/p4mvj4sA9q8nR6Lz2q0Lz4X7+7J0n4Z7Q7P7N0X7R7R7R7R7R7R7R7R7R7R7R7R7R7R7R7R7R7R7R7R7R7R==",
      "dependencies": {
        "@types/node": "*",
        "app-root-path": "^3.1.0",
        "chalk": "^4.1.0",
        "cli-highlight": "^2.1.11",
        "debug": "^4.3.4",
        "glob": "^7.1.6",
        "js-yaml": "^4.1.0",
        "mkdirp": "^1.0.3",
        "pg": "^8.3.0",
        "pg-query-stream": "^4.5.3",
        "reflect-metadata": "^0.1.13",
        "source-map-support": "^0.5.19",
        "uuid": "^8.3.0"
      },
      "bin": {
        "typeorm": "bin/typeorm.js"
      },
      "engines": {
        "node": ">=12.0.0"
      },
      "optionalDependencies": {
        "better-sqlite3": "^8.0.1",
        "libpq": "^1.8.12",
        "mongodb": "^4.0.0",
        "mysql": "^2.18.1",
        "oracledb": "^5.0.0",
        "pg-native": "^3.0.0",
        "sqlite3": "^5.0.0",
        "sql.js": "^1.8.0"
      }
    },
    "node_modules/typeorm/node_modules/reflect-metadata": {
      "version": "0.1.13",
      "resolved": "https://registry.npmjs.org/reflect-metadata/-/reflect-metadata-0.1.13.tgz",
      "integrity": "sha512-Ts1Y/anZELhSsjMcU605fU9RE4Oi3p5ORujwbIKXfWa+0Zxs510Qrmrce5/Jowq3cHSZSJqBjypxmHarc+vEWg=="
    },
    "node_modules/typescript": {
      "version": "5.3.3",
      "resolved": "https://registry.npmjs.org/typescript/-/typescript-5.3.3.tgz",
      "integrity": "sha512-pXWcraxM0uxAS+tN0AG/BF2TyqmHO014Z070UsJ+pFvYuRSq8KH8DmWpnbXe0pEPDHXZV3FcAbJkijJ5oNEnWw==",
      "dev": true,
      "bin": {
        "tsc": "bin/tsc",
        "tsserver": "bin/tsserver"
      },
      "engines": {
        "node": ">=14.17"
      }
    }
  }
}